// !$*UTF8*$!
{
	archiveVersion = 1;
	classes = {
	};
	objectVersion = 50;
	objects = {

/* Begin PBXBuildFile section */
		EAD9D6EA25F040CA00070CCF /* AppDelegate.swift in Sources */ = {isa = PBXBuildFile; fileRef = EAD9D6E925F040CA00070CCF /* AppDelegate.swift */; };
		EAD9D6EC25F040CA00070CCF /* SceneDelegate.swift in Sources */ = {isa = PBXBuildFile; fileRef = EAD9D6EB25F040CA00070CCF /* SceneDelegate.swift */; };
		EAD9D6EE25F040CA00070CCF /* ViewController.swift in Sources */ = {isa = PBXBuildFile; fileRef = EAD9D6ED25F040CA00070CCF /* ViewController.swift */; };
		EAD9D6F125F040CA00070CCF /* Main.storyboard in Resources */ = {isa = PBXBuildFile; fileRef = EAD9D6EF25F040CA00070CCF /* Main.storyboard */; };
		EAD9D6F325F040D200070CCF /* Assets.xcassets in Resources */ = {isa = PBXBuildFile; fileRef = EAD9D6F225F040D200070CCF /* Assets.xcassets */; };
		EAD9D6F625F040D200070CCF /* LaunchScreen.storyboard in Resources */ = {isa = PBXBuildFile; fileRef = EAD9D6F425F040D200070CCF /* LaunchScreen.storyboard */; };
		EAD9D70325F0438300070CCF /* roulette.mp3 in Resources */ = {isa = PBXBuildFile; fileRef = EAD9D70225F0438300070CCF /* roulette.mp3 */; };
/* End PBXBuildFile section */

/* Begin PBXFileReference section */
		EAD9D6E625F040CA00070CCF /* RepeatSounds.app */ = {isa = PBXFileReference; explicitFileType = wrapper.application; includeInIndex = 0; path = RepeatSounds.app; sourceTree = BUILT_PRODUCTS_DIR; };
		EAD9D6E925F040CA00070CCF /* AppDelegate.swift */ = {isa = PBXFileReference; lastKnownFileType = sourcecode.swift; path = AppDelegate.swift; sourceTree = "<group>"; };
		EAD9D6EB25F040CA00070CCF /* SceneDelegate.swift */ = {isa = PBXFileReference; lastKnownFileType = sourcecode.swift; path = SceneDelegate.swift; sourceTree = "<group>"; };
		EAD9D6ED25F040CA00070CCF /* ViewController.swift */ = {isa = PBXFileReference; lastKnownFileType = sourcecode.swift; path = ViewController.swift; sourceTree = "<group>"; };
		EAD9D6F025F040CA00070CCF /* Base */ = {isa = PBXFileReference; lastKnownFileType = file.storyboard; name = Base; path = Base.lproj/Main.storyboard; sourceTree = "<group>"; };
		EAD9D6F225F040D200070CCF /* Assets.xcassets */ = {isa = PBXFileReference; lastKnownFileType = folder.assetcatalog; path = Assets.xcassets; sourceTree = "<group>"; };
		EAD9D6F525F040D200070CCF /* Base */ = {isa = PBXFileReference; lastKnownFileType = file.storyboard; name = Base; path = Base.lproj/LaunchScreen.storyboard; sourceTree = "<group>"; };
		EAD9D6F725F040D200070CCF /* Info.plist */ = {isa = PBXFileReference; lastKnownFileType = text.plist.xml; path = Info.plist; sourceTree = "<group>"; };
		EAD9D70225F0438300070CCF /* roulette.mp3 */ = {isa = PBXFileReference; lastKnownFileType = audio.mp3; path = roulette.mp3; sourceTree = "<group>"; };
/* End PBXFileReference section */

/* Begin PBXFrameworksBuildPhase section */
		EAD9D6E325F040CA00070CCF /* Frameworks */ = {
			isa = PBXFrameworksBuildPhase;
			buildActionMask = 2147483647;
			files = (
			);
			runOnlyForDeploymentPostprocessing = 0;
		};
/* End PBXFrameworksBuildPhase section */

/* Begin PBXGroup section */
		EAD9D6DD25F040CA00070CCF = {
			isa = PBXGroup;
			children = (
				EAD9D6E825F040CA00070CCF /* RepeatSounds */,
				EAD9D6E725F040CA00070CCF /* Products */,
			);
			sourceTree = "<group>";
		};
		EAD9D6E725F040CA00070CCF /* Products */ = {
			isa = PBXGroup;
			children = (
				EAD9D6E625F040CA00070CCF /* RepeatSounds.app */,
			);
			name = Products;
			sourceTree = "<group>";
		};
		EAD9D6E825F040CA00070CCF /* RepeatSounds */ = {
			isa = PBXGroup;
			children = (
				EAD9D6E925F040CA00070CCF /* AppDelegate.swift */,
				EAD9D6EB25F040CA00070CCF /* SceneDelegate.swift */,
				EAD9D6ED25F040CA00070CCF /* ViewController.swift */,
				EAD9D70225F0438300070CCF /* roulette.mp3 */,
				EAD9D6EF25F040CA00070CCF /* Main.storyboard */,
				EAD9D6F225F040D200070CCF /* Assets.xcassets */,
				EAD9D6F425F040D200070CCF /* LaunchScreen.storyboard */,
				EAD9D6F725F040D200070CCF /* Info.plist */,
			);
			path = RepeatSounds;
			sourceTree = "<group>";
		};
/* End PBXGroup section */

/* Begin PBXNativeTarget section */
		EAD9D6E525F040CA00070CCF /* RepeatSounds */ = {
			isa = PBXNativeTarget;
			buildConfigurationList = EAD9D6FA25F040D200070CCF /* Build configuration list for PBXNativeTarget "RepeatSounds" */;
			buildPhases = (
				EAD9D6E225F040CA00070CCF /* Sources */,
				EAD9D6E325F040CA00070CCF /* Frameworks */,
				EAD9D6E425F040CA00070CCF /* Resources */,
			);
			buildRules = (
			);
			dependencies = (
			);
			name = RepeatSounds;
			productName = RepeatSounds;
			productReference = EAD9D6E625F040CA00070CCF /* RepeatSounds.app */;
			productType = "com.apple.product-type.application";
		};
/* End PBXNativeTarget section */

/* Begin PBXProject section */
		EAD9D6DE25F040CA00070CCF /* Project object */ = {
			isa = PBXProject;
			attributes = {
				LastSwiftUpdateCheck = 1210;
				LastUpgradeCheck = 1210;
				TargetAttributes = {
					EAD9D6E525F040CA00070CCF = {
						CreatedOnToolsVersion = 12.1;
					};
				};
			};
			buildConfigurationList = EAD9D6E125F040CA00070CCF /* Build configuration list for PBXProject "RepeatSounds" */;
			compatibilityVersion = "Xcode 9.3";
			developmentRegion = en;
			hasScannedForEncodings = 0;
			knownRegions = (
				en,
				Base,
			);
			mainGroup = EAD9D6DD25F040CA00070CCF;
			productRefGroup = EAD9D6E725F040CA00070CCF /* Products */;
			projectDirPath = "";
			projectRoot = "";
			targets = (
				EAD9D6E525F040CA00070CCF /* RepeatSounds */,
			);
		};
/* End PBXProject section */

/* Begin PBXResourcesBuildPhase section */
		EAD9D6E425F040CA00070CCF /* Resources */ = {
			isa = PBXResourcesBuildPhase;
			buildActionMask = 2147483647;
			files = (
				EAD9D6F625F040D200070CCF /* LaunchScreen.storyboard in Resources */,
				EAD9D6F325F040D200070CCF /* Assets.xcassets in Resources */,
				EAD9D70325F0438300070CCF /* roulette.mp3 in Resources */,
				EAD9D6F125F040CA00070CCF /* Main.storyboard in Resources */,
			);
			runOnlyForDeploymentPostprocessing = 0;
		};
/* End PBXResourcesBuildPhase section */

/* Begin PBXSourcesBuildPhase section */
		EAD9D6E225F040CA00070CCF /* Sources */ = {
			isa = PBXSourcesBuildPhase;
			buildActionMask = 2147483647;
			files = (
				EAD9D6EE25F040CA00070CCF /* ViewController.swift in Sources */,
				EAD9D6EA25F040CA00070CCF /* AppDelegate.swift in Sources */,
				EAD9D6EC25F040CA00070CCF /* SceneDelegate.swift in Sources */,
			);
			runOnlyForDeploymentPostprocessing = 0;
		};
/* End PBXSourcesBuildPhase section */

/* Begin PBXVariantGroup section */
		EAD9D6EF25F040CA00070CCF /* Main.storyboard */ = {
			isa = PBXVariantGroup;
			children = (
				EAD9D6F025F040CA00070CCF /* Base */,
			);
			name = Main.storyboard;
			sourceTree = "<group>";
		};
		EAD9D6F425F040D200070CCF /* LaunchScreen.storyboard */ = {
			isa = PBXVariantGroup;
			children = (
				EAD9D6F525F040D200070CCF /* Base */,
			);
			name = LaunchScreen.storyboard;
			sourceTree = "<group>";
		};
/* End PBXVariantGroup section */

/* Begin XCBuildConfiguration section */
		EAD9D6F825F040D200070CCF /* Debug */ = {
			isa = XCBuildConfiguration;
			buildSettings = {
				ALWAYS_SEARCH_USER_PATHS = NO;
				CLANG_ANALYZER_NONNULL = YES;
				CLANG_ANALYZER_NUMBER_OBJECT_CONVERSION = YES_AGGRESSIVE;
				CLANG_CXX_LANGUAGE_STANDARD = "gnu++14";
				CLANG_CXX_LIBRARY = "libc++";
				CLANG_ENABLE_MODULES = YES;
				CLANG_ENABLE_OBJC_ARC = YES;
				CLANG_ENABLE_OBJC_WEAK = YES;
				CLANG_WARN_BLOCK_CAPTURE_AUTORELEASING = YES;
				CLANG_WARN_BOOL_CONVERSION = YES;
				CLANG_WARN_COMMA = YES;
				CLANG_WARN_CONSTANT_CONVERSION = YES;
				CLANG_WARN_DEPRECATED_OBJC_IMPLEMENTATIONS = YES;
				CLANG_WARN_DIRECT_OBJC_ISA_USAGE = YES_ERROR;
				CLANG_WARN_DOCUMENTATION_COMMENTS = YES;
				CLANG_WARN_EMPTY_BODY = YES;
				CLANG_WARN_ENUM_CONVERSION = YES;
				CLANG_WARN_INFINITE_RECURSION = YES;
				CLANG_WARN_INT_CONVERSION = YES;
				CLANG_WARN_NON_LITERAL_NULL_CONVERSION = YES;
				CLANG_WARN_OBJC_IMPLICIT_RETAIN_SELF = YES;
				CLANG_WARN_OBJC_LITERAL_CONVERSION = YES;
				CLANG_WARN_OBJC_ROOT_CLASS = YES_ERROR;
				CLANG_WARN_QUOTED_INCLUDE_IN_FRAMEWORK_HEADER = YES;
				CLANG_WARN_RANGE_LOOP_ANALYSIS = YES;
				CLANG_WARN_STRICT_PROTOTYPES = YES;
				CLANG_WARN_SUSPICIOUS_MOVE = YES;
				CLANG_WARN_UNGUARDED_AVAILABILITY = YES_AGGRESSIVE;
				CLANG_WARN_UNREACHABLE_CODE = YES;
				CLANG_WARN__DUPLICATE_METHOD_MATCH = YES;
				COPY_PHASE_STRIP = NO;
				DEBUG_INFORMATION_FORMAT = dwarf;
				ENABLE_STRICT_OBJC_MSGSEND = YES;
				ENABLE_TESTABILITY = YES;
				GCC_C_LANGUAGE_STANDARD = gnu11;
				GCC_DYNAMIC_NO_PIC = NO;
				GCC_NO_COMMON_BLOCKS = YES;
				GCC_OPTIMIZATION_LEVEL = 0;
				GCC_PREPROCESSOR_DEFINITIONS = (
					"DEBUG=1",
					"$(inherited)",
				);
				GCC_WARN_64_TO_32_BIT_CONVERSION = YES;
				GCC_WARN_ABOUT_RETURN_TYPE = YES_ERROR;
				GCC_WARN_UNDECLARED_SELECTOR = YES;
				GCC_WARN_UNINITIALIZED_AUTOS = YES_AGGRESSIVE;
				GCC_WARN_UNUSED_FUNCTION = YES;
				GCC_WARN_UNUSED_VARIABLE = YES;
				IPHONEOS_DEPLOYMENT_TARGET = 14.1;
				MTL_ENABLE_DEBUG_INFO = INCLUDE_SOURCE;
				MTL_FAST_MATH = YES;
				ONLY_ACTIVE_ARCH = YES;
				SDKROOT = iphoneos;
				SWIFT_ACTIVE_COMPILATION_CONDITIONS = DEBUG;
				SWIFT_OPTIMIZATION_LEVEL = "-Onone";
			};
			name = Debug;
		};
		EAD9D6F925F040D200070CCF /* Release */ = {
			isa = XCBuildConfiguration;
			buildSettings = {
				ALWAYS_SEARCH_USER_PATHS = NO;
				CLANG_ANALYZER_NONNULL = YES;
				CLANG_ANALYZER_NUMBER_OBJECT_CONVERSION = YES_AGGRESSIVE;
				CLANG_CXX_LANGUAGE_STANDARD = "gnu++14";
				CLANG_CXX_LIBRARY = "libc++";
				CLANG_ENABLE_MODULES = YES;
				CLANG_ENABLE_OBJC_ARC = YES;
				CLANG_ENABLE_OBJC_WEAK = YES;
				CLANG_WARN_BLOCK_CAPTURE_AUTORELEASING = YES;
				CLANG_WARN_BOOL_CONVERSION = YES;
				CLANG_WARN_COMMA = YES;
				CLANG_WARN_CONSTANT_CONVERSION = YES;
				CLANG_WARN_DEPRECATED_OBJC_IMPLEMENTATIONS = YES;
				CLANG_WARN_DIRECT_OBJC_ISA_USAGE = YES_ERROR;
				CLANG_WARN_DOCUMENTATION_COMMENTS = YES;
				CLANG_WARN_EMPTY_BODY = YES;
				CLANG_WARN_ENUM_CONVERSION = YES;
				CLANG_WARN_INFINITE_RECURSION = YES;
				CLANG_WARN_INT_CONVERSION = YES;
				CLANG_WARN_NON_LITERAL_NULL_CONVERSION = YES;
				CLANG_WARN_OBJC_IMPLICIT_RETAIN_SELF = YES;
				CLANG_WARN_OBJC_LITERAL_CONVERSION = YES;
				CLANG_WARN_OBJC_ROOT_CLASS = YES_ERROR;
				CLANG_WARN_QUOTED_INCLUDE_IN_FRAMEWORK_HEADER = YES;
				CLANG_WARN_RANGE_LOOP_ANALYSIS = YES;
				CLANG_WARN_STRICT_PROTOTYPES = YES;
				CLANG_WARN_SUSPICIOUS_MOVE = YES;
				CLANG_WARN_UNGUARDED_AVAILABILITY = YES_AGGRESSIVE;
				CLANG_WARN_UNREACHABLE_CODE = YES;
				CLANG_WARN__DUPLICATE_METHOD_MATCH = YES;
				COPY_PHASE_STRIP = NO;
				DEBUG_INFORMATION_FORMAT = "dwarf-with-dsym";
				ENABLE_NS_ASSERTIONS = NO;
				ENABLE_STRICT_OBJC_MSGSEND = YES;
				GCC_C_LANGUAGE_STANDARD = gnu11;
				GCC_NO_COMMON_BLOCKS = YES;
				GCC_WARN_64_TO_32_BIT_CONVERSION = YES;
				GCC_WARN_ABOUT_RETURN_TYPE = YES_ERROR;
				GCC_WARN_UNDECLARED_SELECTOR = YES;
				GCC_WARN_UNINITIALIZED_AUTOS = YES_AGGRESSIVE;
				GCC_WARN_UNUSED_FUNCTION = YES;
				GCC_WARN_UNUSED_VARIABLE = YES;
				IPHONEOS_DEPLOYMENT_TARGET = 14.1;
				MTL_ENABLE_DEBUG_INFO = NO;
				MTL_FAST_MATH = YES;
				SDKROOT = iphoneos;
				SWIFT_COMPILATION_MODE = wholemodule;
				SWIFT_OPTIMIZATION_LEVEL = "-O";
				VALIDATE_PRODUCT = YES;
			};
			name = Release;
		};
		EAD9D6FB25F040D200070CCF /* Debug */ = {
			isa = XCBuildConfiguration;
			buildSettings = {
				ASSETCATALOG_COMPILER_APPICON_NAME = AppIcon;
				ASSETCATALOG_COMPILER_GLOBAL_ACCENT_COLOR_NAME = AccentColor;
				CODE_SIGN_STYLE = Automatic;
				INFOPLIST_FILE = RepeatSounds/Info.plist;
				LD_RUNPATH_SEARCH_PATHS = (
					"$(inherited)",
					"@executable_path/Frameworks",
				);
				PRODUCT_BUNDLE_IDENTIFIER = com.shen24qichen.RepeatSounds;
				PRODUCT_NAME = "$(TARGET_NAME)";
				SWIFT_VERSION = 5.0;
				TARGETED_DEVICE_FAMILY = 1;
			};
			name = Debug;
		};
		EAD9D6FC25F040D200070CCF /* Release */ = {
			isa = XCBuildConfiguration;
			buildSettings = {
				ASSETCATALOG_COMPILER_APPICON_NAME = AppIcon;
				ASSETCATALOG_COMPILER_GLOBAL_ACCENT_COLOR_NAME = AccentColor;
				CODE_SIGN_STYLE = Automatic;
				INFOPLIST_FILE = RepeatSounds/Info.plist;
				LD_RUNPATH_SEARCH_PATHS = (
					"$(inherited)",
					"@executable_path/Frameworks",
				);
				PRODUCT_BUNDLE_IDENTIFIER = com.shen24qichen.RepeatSounds;
				PRODUCT_NAME = "$(TARGET_NAME)";
				SWIFT_VERSION = 5.0;
				TARGETED_DEVICE_FAMILY = 1;
			};
			name = Release;
		};
/* End XCBuildConfiguration section */

/* Begin XCConfigurationList section */
		EAD9D6E125F040CA00070CCF /* Build configuration list for PBXProject "RepeatSounds" */ = {
			isa = XCConfigurationList;
			buildConfigurations = (
				EAD9D6F825F040D200070CCF /* Debug */,
				EAD9D6F925F040D200070CCF /* Release */,
			);
			defaultConfigurationIsVisible = 0;
			defaultConfigurationName = Release;
		};
		EAD9D6FA25F040D200070CCF /* Build configuration list for PBXNativeTarget "RepeatSounds" */ = {
			isa = XCConfigurationList;
			buildConfigurations = (
				EAD9D6FB25F040D200070CCF /* Debug */,
				EAD9D6FC25F040D200070CCF /* Release */,
			);
			defaultConfigurationIsVisible = 0;
			defaultConfigurationName = Release;
		};
/* End XCConfigurationList section */
	};
	rootObject = EAD9D6DE25F040CA00070CCF /* Project object */;
}
